// !$*UTF8*$!
{
	archiveVersion = 1;
	classes = {
	};
	objectVersion = 56;
	objects = {

/* Begin PBXBuildFile section */
		630DA7632A27747F0052688E /* WeatherImagesEnum.swift in Sources */ = {isa = PBXBuildFile; fileRef = 630DA7622A27747F0052688E /* WeatherImagesEnum.swift */; };
		630DA7692A277B5C0052688E /* CityInfoModel.swift in Sources */ = {isa = PBXBuildFile; fileRef = 630DA7682A277B5C0052688E /* CityInfoModel.swift */; };
		63547C992A2A494600EB6023 /* InfoAboutAllCitiesModel.swift in Sources */ = {isa = PBXBuildFile; fileRef = 63547C982A2A494600EB6023 /* InfoAboutAllCitiesModel.swift */; };
		63547C9B2A2B7A2600EB6023 /* CityJsonData.json in Resources */ = {isa = PBXBuildFile; fileRef = 63547C9A2A2B7A2600EB6023 /* CityJsonData.json */; };
		63547C9E2A2BC06500EB6023 /* NVActivityIndicatorView in Frameworks */ = {isa = PBXBuildFile; productRef = 63547C9D2A2BC06500EB6023 /* NVActivityIndicatorView */; };
		636B9B162A2A0297000A7337 /* WeatherModel.swift in Sources */ = {isa = PBXBuildFile; fileRef = 636B9B152A2A0297000A7337 /* WeatherModel.swift */; };
		639F5AC72A252F6D00682386 /* ViewController.swift in Sources */ = {isa = PBXBuildFile; fileRef = 639F5AC62A252F6D00682386 /* ViewController.swift */; };
		639F5ACC2A252F6F00682386 /* Assets.xcassets in Resources */ = {isa = PBXBuildFile; fileRef = 639F5ACB2A252F6F00682386 /* Assets.xcassets */; };
		639F5ACF2A252F6F00682386 /* LaunchScreen.storyboard in Resources */ = {isa = PBXBuildFile; fileRef = 639F5ACD2A252F6F00682386 /* LaunchScreen.storyboard */; };
		639F5AD72A252FA800682386 /* AppDelegate.swift in Sources */ = {isa = PBXBuildFile; fileRef = 639F5AD62A252FA800682386 /* AppDelegate.swift */; };
		639F5ADC2A2531C100682386 /* Swinject in Frameworks */ = {isa = PBXBuildFile; productRef = 639F5ADB2A2531C100682386 /* Swinject */; };
		639F5ADF2A25336200682386 /* SnapKit in Frameworks */ = {isa = PBXBuildFile; productRef = 639F5ADE2A25336200682386 /* SnapKit */; };
		639F5AE22A25338500682386 /* AssemblyModules.swift in Sources */ = {isa = PBXBuildFile; fileRef = 639F5AE12A25338500682386 /* AssemblyModules.swift */; };
		639F5AEF2A25371600682386 /* SearchCityScreenView.swift in Sources */ = {isa = PBXBuildFile; fileRef = 639F5AEE2A25371600682386 /* SearchCityScreenView.swift */; };
		639F5AF22A253B2B00682386 /* SearchCityTableViewCell.swift in Sources */ = {isa = PBXBuildFile; fileRef = 639F5AF12A253B2B00682386 /* SearchCityTableViewCell.swift */; };
		639F5AF52A2542AC00682386 /* SearchCityScreenAssembly.swift in Sources */ = {isa = PBXBuildFile; fileRef = 639F5AF42A2542AC00682386 /* SearchCityScreenAssembly.swift */; };
		639F5AF72A25431000682386 /* SearchCityScreenInteractor.swift in Sources */ = {isa = PBXBuildFile; fileRef = 639F5AF62A25431000682386 /* SearchCityScreenInteractor.swift */; };
		639F5AFA2A25432000682386 /* SearchCityScreenPresenter.swift in Sources */ = {isa = PBXBuildFile; fileRef = 639F5AF92A25432000682386 /* SearchCityScreenPresenter.swift */; };
		639F5AFC2A25432B00682386 /* SearchCityScreenRouter.swift in Sources */ = {isa = PBXBuildFile; fileRef = 639F5AFB2A25432B00682386 /* SearchCityScreenRouter.swift */; };
		63CF3C0E2A288AAE0086F254 /* WeatherService.swift in Sources */ = {isa = PBXBuildFile; fileRef = 63CF3C0D2A288AAE0086F254 /* WeatherService.swift */; };
		63CF3C122A288B700086F254 /* GeocodingService.swift in Sources */ = {isa = PBXBuildFile; fileRef = 63CF3C112A288B700086F254 /* GeocodingService.swift */; };
		63CF3C142A288B900086F254 /* WeatherServiceAssembly.swift in Sources */ = {isa = PBXBuildFile; fileRef = 63CF3C132A288B900086F254 /* WeatherServiceAssembly.swift */; };
		63CF3C162A288BA10086F254 /* GeocodingServiceAssembly.swift in Sources */ = {isa = PBXBuildFile; fileRef = 63CF3C152A288BA10086F254 /* GeocodingServiceAssembly.swift */; };
		63CF3C1D2A28C77F0086F254 /* UserInfoModel.swift in Sources */ = {isa = PBXBuildFile; fileRef = 63CF3C1C2A28C77E0086F254 /* UserInfoModel.swift */; };
/* End PBXBuildFile section */

/* Begin PBXFileReference section */
		630DA7622A27747F0052688E /* WeatherImagesEnum.swift */ = {isa = PBXFileReference; lastKnownFileType = sourcecode.swift; path = WeatherImagesEnum.swift; sourceTree = "<group>"; };
		630DA7682A277B5C0052688E /* CityInfoModel.swift */ = {isa = PBXFileReference; lastKnownFileType = sourcecode.swift; path = CityInfoModel.swift; sourceTree = "<group>"; };
		63547C982A2A494600EB6023 /* InfoAboutAllCitiesModel.swift */ = {isa = PBXFileReference; lastKnownFileType = sourcecode.swift; path = InfoAboutAllCitiesModel.swift; sourceTree = "<group>"; };
		63547C9A2A2B7A2600EB6023 /* CityJsonData.json */ = {isa = PBXFileReference; fileEncoding = 4; lastKnownFileType = text.json; name = CityJsonData.json; path = ../../../../../CityJsonData.json; sourceTree = "<group>"; };
		636B9B152A2A0297000A7337 /* WeatherModel.swift */ = {isa = PBXFileReference; lastKnownFileType = sourcecode.swift; path = WeatherModel.swift; sourceTree = "<group>"; };
		639F5ABF2A252F6D00682386 /* ArkanitTZ.app */ = {isa = PBXFileReference; explicitFileType = wrapper.application; includeInIndex = 0; path = ArkanitTZ.app; sourceTree = BUILT_PRODUCTS_DIR; };
		639F5AC62A252F6D00682386 /* ViewController.swift */ = {isa = PBXFileReference; lastKnownFileType = sourcecode.swift; path = ViewController.swift; sourceTree = "<group>"; };
		639F5ACB2A252F6F00682386 /* Assets.xcassets */ = {isa = PBXFileReference; lastKnownFileType = folder.assetcatalog; path = Assets.xcassets; sourceTree = "<group>"; };
		639F5ACE2A252F6F00682386 /* Base */ = {isa = PBXFileReference; lastKnownFileType = file.storyboard; name = Base; path = Base.lproj/LaunchScreen.storyboard; sourceTree = "<group>"; };
		639F5AD02A252F6F00682386 /* Info.plist */ = {isa = PBXFileReference; lastKnownFileType = text.plist.xml; path = Info.plist; sourceTree = "<group>"; };
		639F5AD62A252FA800682386 /* AppDelegate.swift */ = {isa = PBXFileReference; lastKnownFileType = sourcecode.swift; path = AppDelegate.swift; sourceTree = "<group>"; };
		639F5AE12A25338500682386 /* AssemblyModules.swift */ = {isa = PBXFileReference; lastKnownFileType = sourcecode.swift; path = AssemblyModules.swift; sourceTree = "<group>"; };
		639F5AEE2A25371600682386 /* SearchCityScreenView.swift */ = {isa = PBXFileReference; lastKnownFileType = sourcecode.swift; path = SearchCityScreenView.swift; sourceTree = "<group>"; };
		639F5AF12A253B2B00682386 /* SearchCityTableViewCell.swift */ = {isa = PBXFileReference; lastKnownFileType = sourcecode.swift; path = SearchCityTableViewCell.swift; sourceTree = "<group>"; };
		639F5AF42A2542AC00682386 /* SearchCityScreenAssembly.swift */ = {isa = PBXFileReference; lastKnownFileType = sourcecode.swift; path = SearchCityScreenAssembly.swift; sourceTree = "<group>"; };
		639F5AF62A25431000682386 /* SearchCityScreenInteractor.swift */ = {isa = PBXFileReference; lastKnownFileType = sourcecode.swift; path = SearchCityScreenInteractor.swift; sourceTree = "<group>"; };
		639F5AF92A25432000682386 /* SearchCityScreenPresenter.swift */ = {isa = PBXFileReference; lastKnownFileType = sourcecode.swift; path = SearchCityScreenPresenter.swift; sourceTree = "<group>"; };
		639F5AFB2A25432B00682386 /* SearchCityScreenRouter.swift */ = {isa = PBXFileReference; lastKnownFileType = sourcecode.swift; path = SearchCityScreenRouter.swift; sourceTree = "<group>"; };
		63CF3C0D2A288AAE0086F254 /* WeatherService.swift */ = {isa = PBXFileReference; lastKnownFileType = sourcecode.swift; path = WeatherService.swift; sourceTree = "<group>"; };
		63CF3C112A288B700086F254 /* GeocodingService.swift */ = {isa = PBXFileReference; lastKnownFileType = sourcecode.swift; path = GeocodingService.swift; sourceTree = "<group>"; };
		63CF3C132A288B900086F254 /* WeatherServiceAssembly.swift */ = {isa = PBXFileReference; lastKnownFileType = sourcecode.swift; path = WeatherServiceAssembly.swift; sourceTree = "<group>"; };
		63CF3C152A288BA10086F254 /* GeocodingServiceAssembly.swift */ = {isa = PBXFileReference; lastKnownFileType = sourcecode.swift; path = GeocodingServiceAssembly.swift; sourceTree = "<group>"; };
		63CF3C1C2A28C77E0086F254 /* UserInfoModel.swift */ = {isa = PBXFileReference; lastKnownFileType = sourcecode.swift; path = UserInfoModel.swift; sourceTree = "<group>"; };
/* End PBXFileReference section */

/* Begin PBXFrameworksBuildPhase section */
		639F5ABC2A252F6D00682386 /* Frameworks */ = {
			isa = PBXFrameworksBuildPhase;
			buildActionMask = 2147483647;
			files = (
				639F5ADC2A2531C100682386 /* Swinject in Frameworks */,
				639F5ADF2A25336200682386 /* SnapKit in Frameworks */,
				63547C9E2A2BC06500EB6023 /* NVActivityIndicatorView in Frameworks */,
			);
			runOnlyForDeploymentPostprocessing = 0;
		};
/* End PBXFrameworksBuildPhase section */

/* Begin PBXGroup section */
		630DA7642A277AA60052688E /* Enums */ = {
			isa = PBXGroup;
			children = (
				630DA7622A27747F0052688E /* WeatherImagesEnum.swift */,
			);
			path = Enums;
			sourceTree = "<group>";
		};
		630DA7652A277AB50052688E /* Models */ = {
			isa = PBXGroup;
			children = (
				630DA7682A277B5C0052688E /* CityInfoModel.swift */,
			);
			path = Models;
			sourceTree = "<group>";
		};
		63547C932A2A489700EB6023 /* Sources */ = {
			isa = PBXGroup;
			children = (
				63547C952A2A48A400EB6023 /* CitiesInfoJSON */,
			);
			path = Sources;
			sourceTree = "<group>";
		};
		63547C952A2A48A400EB6023 /* CitiesInfoJSON */ = {
			isa = PBXGroup;
			children = (
				63547C9A2A2B7A2600EB6023 /* CityJsonData.json */,
			);
			path = CitiesInfoJSON;
			sourceTree = "<group>";
		};
		63547C972A2A492000EB6023 /* Cities */ = {
			isa = PBXGroup;
			children = (
				63547C982A2A494600EB6023 /* InfoAboutAllCitiesModel.swift */,
			);
			path = Cities;
			sourceTree = "<group>";
		};
		636B9B132A2A021B000A7337 /* Weather */ = {
			isa = PBXGroup;
			children = (
				636B9B152A2A0297000A7337 /* WeatherModel.swift */,
			);
			path = Weather;
			sourceTree = "<group>";
		};
		636B9B142A2A0225000A7337 /* Geocoding */ = {
			isa = PBXGroup;
			children = (
			);
			path = Geocoding;
			sourceTree = "<group>";
		};
		639F5AB62A252F6D00682386 = {
			isa = PBXGroup;
			children = (
				639F5AC12A252F6D00682386 /* ArkanitTZ */,
				639F5AC02A252F6D00682386 /* Products */,
			);
			sourceTree = "<group>";
		};
		639F5AC02A252F6D00682386 /* Products */ = {
			isa = PBXGroup;
			children = (
				639F5ABF2A252F6D00682386 /* ArkanitTZ.app */,
			);
			name = Products;
			sourceTree = "<group>";
		};
		639F5AC12A252F6D00682386 /* ArkanitTZ */ = {
			isa = PBXGroup;
			children = (
				639F5AE02A25337000682386 /* Assembly */,
				63547C932A2A489700EB6023 /* Sources */,
				639F5AE62A25343800682386 /* Services */,
				639F5AE52A25342700682386 /* Extensions */,
				639F5AE32A25340900682386 /* Models */,
				639F5AD82A25305D00682386 /* Modules */,
				639F5ACB2A252F6F00682386 /* Assets.xcassets */,
				639F5ACD2A252F6F00682386 /* LaunchScreen.storyboard */,
				639F5AD02A252F6F00682386 /* Info.plist */,
			);
			path = ArkanitTZ;
			sourceTree = "<group>";
		};
		639F5AD82A25305D00682386 /* Modules */ = {
			isa = PBXGroup;
			children = (
				639F5AE72A2534D300682386 /* SearchCityScreen */,
				639F5AD92A25306C00682386 /* Main */,
			);
			path = Modules;
			sourceTree = "<group>";
		};
		639F5AD92A25306C00682386 /* Main */ = {
			isa = PBXGroup;
			children = (
				639F5AC62A252F6D00682386 /* ViewController.swift */,
				639F5AD62A252FA800682386 /* AppDelegate.swift */,
			);
			path = Main;
			sourceTree = "<group>";
		};
		639F5AE02A25337000682386 /* Assembly */ = {
			isa = PBXGroup;
			children = (
				639F5AE12A25338500682386 /* AssemblyModules.swift */,
			);
			path = Assembly;
			sourceTree = "<group>";
		};
		639F5AE32A25340900682386 /* Models */ = {
			isa = PBXGroup;
			children = (
				63547C972A2A492000EB6023 /* Cities */,
				636B9B142A2A0225000A7337 /* Geocoding */,
				636B9B132A2A021B000A7337 /* Weather */,
				63CF3C1B2A28C76C0086F254 /* User */,
			);
			path = Models;
			sourceTree = "<group>";
		};
		639F5AE52A25342700682386 /* Extensions */ = {
			isa = PBXGroup;
			children = (
			);
			path = Extensions;
			sourceTree = "<group>";
		};
		639F5AE62A25343800682386 /* Services */ = {
			isa = PBXGroup;
			children = (
				63CF3C102A288B570086F254 /* Geocoding */,
				63CF3C0F2A288B4B0086F254 /* Weather */,
			);
			path = Services;
			sourceTree = "<group>";
		};
		639F5AE72A2534D300682386 /* SearchCityScreen */ = {
			isa = PBXGroup;
			children = (
				639F5AF32A25429300682386 /* Assembly */,
				639F5AED2A25356600682386 /* View */,
				639F5AEC2A25355A00682386 /* Interactor */,
				639F5AEB2A25355000682386 /* Presenter */,
				639F5AEA2A25353500682386 /* Entities */,
				639F5AE92A25353000682386 /* Router */,
			);
			path = SearchCityScreen;
			sourceTree = "<group>";
		};
		639F5AE92A25353000682386 /* Router */ = {
			isa = PBXGroup;
			children = (
				639F5AFB2A25432B00682386 /* SearchCityScreenRouter.swift */,
			);
			path = Router;
			sourceTree = "<group>";
		};
		639F5AEA2A25353500682386 /* Entities */ = {
			isa = PBXGroup;
			children = (
				630DA7652A277AB50052688E /* Models */,
				630DA7642A277AA60052688E /* Enums */,
			);
			path = Entities;
			sourceTree = "<group>";
		};
		639F5AEB2A25355000682386 /* Presenter */ = {
			isa = PBXGroup;
			children = (
				639F5AF92A25432000682386 /* SearchCityScreenPresenter.swift */,
			);
			path = Presenter;
			sourceTree = "<group>";
		};
		639F5AEC2A25355A00682386 /* Interactor */ = {
			isa = PBXGroup;
			children = (
				639F5AF62A25431000682386 /* SearchCityScreenInteractor.swift */,
			);
			path = Interactor;
			sourceTree = "<group>";
		};
		639F5AED2A25356600682386 /* View */ = {
			isa = PBXGroup;
			children = (
				639F5AF12A253B2B00682386 /* SearchCityTableViewCell.swift */,
				639F5AEE2A25371600682386 /* SearchCityScreenView.swift */,
			);
			path = View;
			sourceTree = "<group>";
		};
		639F5AF32A25429300682386 /* Assembly */ = {
			isa = PBXGroup;
			children = (
				639F5AF42A2542AC00682386 /* SearchCityScreenAssembly.swift */,
			);
			path = Assembly;
			sourceTree = "<group>";
		};
		63CF3C0F2A288B4B0086F254 /* Weather */ = {
			isa = PBXGroup;
			children = (
				63CF3C0D2A288AAE0086F254 /* WeatherService.swift */,
				63CF3C132A288B900086F254 /* WeatherServiceAssembly.swift */,
			);
			path = Weather;
			sourceTree = "<group>";
		};
		63CF3C102A288B570086F254 /* Geocoding */ = {
			isa = PBXGroup;
			children = (
				63CF3C112A288B700086F254 /* GeocodingService.swift */,
				63CF3C152A288BA10086F254 /* GeocodingServiceAssembly.swift */,
			);
			path = Geocoding;
			sourceTree = "<group>";
		};
		63CF3C1B2A28C76C0086F254 /* User */ = {
			isa = PBXGroup;
			children = (
				63CF3C1C2A28C77E0086F254 /* UserInfoModel.swift */,
			);
			path = User;
			sourceTree = "<group>";
		};
/* End PBXGroup section */

/* Begin PBXNativeTarget section */
		639F5ABE2A252F6D00682386 /* ArkanitTZ */ = {
			isa = PBXNativeTarget;
			buildConfigurationList = 639F5AD32A252F6F00682386 /* Build configuration list for PBXNativeTarget "ArkanitTZ" */;
			buildPhases = (
				639F5ABB2A252F6D00682386 /* Sources */,
				639F5ABC2A252F6D00682386 /* Frameworks */,
				639F5ABD2A252F6D00682386 /* Resources */,
			);
			buildRules = (
			);
			dependencies = (
			);
			name = ArkanitTZ;
			packageProductDependencies = (
				639F5ADB2A2531C100682386 /* Swinject */,
				639F5ADE2A25336200682386 /* SnapKit */,
				63547C9D2A2BC06500EB6023 /* NVActivityIndicatorView */,
			);
			productName = ArkanitTZ;
			productReference = 639F5ABF2A252F6D00682386 /* ArkanitTZ.app */;
			productType = "com.apple.product-type.application";
		};
/* End PBXNativeTarget section */

/* Begin PBXProject section */
		639F5AB72A252F6D00682386 /* Project object */ = {
			isa = PBXProject;
			attributes = {
				BuildIndependentTargetsInParallel = 1;
				LastSwiftUpdateCheck = 1430;
				LastUpgradeCheck = 1430;
				TargetAttributes = {
					639F5ABE2A252F6D00682386 = {
						CreatedOnToolsVersion = 14.3;
					};
				};
			};
			buildConfigurationList = 639F5ABA2A252F6D00682386 /* Build configuration list for PBXProject "ArkanitTZ" */;
			compatibilityVersion = "Xcode 14.0";
			developmentRegion = en;
			hasScannedForEncodings = 0;
			knownRegions = (
				en,
				Base,
			);
			mainGroup = 639F5AB62A252F6D00682386;
			packageReferences = (
				639F5ADA2A2531C100682386 /* XCRemoteSwiftPackageReference "Swinject" */,
				639F5ADD2A25336200682386 /* XCRemoteSwiftPackageReference "SnapKit" */,
				63547C9C2A2BC06500EB6023 /* XCRemoteSwiftPackageReference "NVActivityIndicatorView" */,
			);
			productRefGroup = 639F5AC02A252F6D00682386 /* Products */;
			projectDirPath = "";
			projectRoot = "";
			targets = (
				639F5ABE2A252F6D00682386 /* ArkanitTZ */,
			);
		};
/* End PBXProject section */

/* Begin PBXResourcesBuildPhase section */
		639F5ABD2A252F6D00682386 /* Resources */ = {
			isa = PBXResourcesBuildPhase;
			buildActionMask = 2147483647;
			files = (
				63547C9B2A2B7A2600EB6023 /* CityJsonData.json in Resources */,
				639F5ACF2A252F6F00682386 /* LaunchScreen.storyboard in Resources */,
				639F5ACC2A252F6F00682386 /* Assets.xcassets in Resources */,
			);
			runOnlyForDeploymentPostprocessing = 0;
		};
/* End PBXResourcesBuildPhase section */

/* Begin PBXSourcesBuildPhase section */
		639F5ABB2A252F6D00682386 /* Sources */ = {
			isa = PBXSourcesBuildPhase;
			buildActionMask = 2147483647;
			files = (
				63547C992A2A494600EB6023 /* InfoAboutAllCitiesModel.swift in Sources */,
				630DA7692A277B5C0052688E /* CityInfoModel.swift in Sources */,
				639F5AF72A25431000682386 /* SearchCityScreenInteractor.swift in Sources */,
				63CF3C142A288B900086F254 /* WeatherServiceAssembly.swift in Sources */,
				63CF3C162A288BA10086F254 /* GeocodingServiceAssembly.swift in Sources */,
				63CF3C1D2A28C77F0086F254 /* UserInfoModel.swift in Sources */,
				639F5AFC2A25432B00682386 /* SearchCityScreenRouter.swift in Sources */,
				639F5AFA2A25432000682386 /* SearchCityScreenPresenter.swift in Sources */,
				63CF3C122A288B700086F254 /* GeocodingService.swift in Sources */,
				63CF3C0E2A288AAE0086F254 /* WeatherService.swift in Sources */,
				639F5AF22A253B2B00682386 /* SearchCityTableViewCell.swift in Sources */,
				639F5AD72A252FA800682386 /* AppDelegate.swift in Sources */,
				630DA7632A27747F0052688E /* WeatherImagesEnum.swift in Sources */,
				639F5AE22A25338500682386 /* AssemblyModules.swift in Sources */,
				639F5AC72A252F6D00682386 /* ViewController.swift in Sources */,
				636B9B162A2A0297000A7337 /* WeatherModel.swift in Sources */,
				639F5AF52A2542AC00682386 /* SearchCityScreenAssembly.swift in Sources */,
				639F5AEF2A25371600682386 /* SearchCityScreenView.swift in Sources */,
			);
			runOnlyForDeploymentPostprocessing = 0;
		};
/* End PBXSourcesBuildPhase section */

/* Begin PBXVariantGroup section */
		639F5ACD2A252F6F00682386 /* LaunchScreen.storyboard */ = {
			isa = PBXVariantGroup;
			children = (
				639F5ACE2A252F6F00682386 /* Base */,
			);
			name = LaunchScreen.storyboard;
			sourceTree = "<group>";
		};
/* End PBXVariantGroup section */

/* Begin XCBuildConfiguration section */
		639F5AD12A252F6F00682386 /* Debug */ = {
			isa = XCBuildConfiguration;
			buildSettings = {
				ALWAYS_SEARCH_USER_PATHS = NO;
				CLANG_ANALYZER_NONNULL = YES;
				CLANG_ANALYZER_NUMBER_OBJECT_CONVERSION = YES_AGGRESSIVE;
				CLANG_CXX_LANGUAGE_STANDARD = "gnu++20";
				CLANG_ENABLE_MODULES = YES;
				CLANG_ENABLE_OBJC_ARC = YES;
				CLANG_ENABLE_OBJC_WEAK = YES;
				CLANG_WARN_BLOCK_CAPTURE_AUTORELEASING = YES;
				CLANG_WARN_BOOL_CONVERSION = YES;
				CLANG_WARN_COMMA = YES;
				CLANG_WARN_CONSTANT_CONVERSION = YES;
				CLANG_WARN_DEPRECATED_OBJC_IMPLEMENTATIONS = YES;
				CLANG_WARN_DIRECT_OBJC_ISA_USAGE = YES_ERROR;
				CLANG_WARN_DOCUMENTATION_COMMENTS = YES;
				CLANG_WARN_EMPTY_BODY = YES;
				CLANG_WARN_ENUM_CONVERSION = YES;
				CLANG_WARN_INFINITE_RECURSION = YES;
				CLANG_WARN_INT_CONVERSION = YES;
				CLANG_WARN_NON_LITERAL_NULL_CONVERSION = YES;
				CLANG_WARN_OBJC_IMPLICIT_RETAIN_SELF = YES;
				CLANG_WARN_OBJC_LITERAL_CONVERSION = YES;
				CLANG_WARN_OBJC_ROOT_CLASS = YES_ERROR;
				CLANG_WARN_QUOTED_INCLUDE_IN_FRAMEWORK_HEADER = YES;
				CLANG_WARN_RANGE_LOOP_ANALYSIS = YES;
				CLANG_WARN_STRICT_PROTOTYPES = YES;
				CLANG_WARN_SUSPICIOUS_MOVE = YES;
				CLANG_WARN_UNGUARDED_AVAILABILITY = YES_AGGRESSIVE;
				CLANG_WARN_UNREACHABLE_CODE = YES;
				CLANG_WARN__DUPLICATE_METHOD_MATCH = YES;
				COPY_PHASE_STRIP = NO;
				DEBUG_INFORMATION_FORMAT = dwarf;
				ENABLE_STRICT_OBJC_MSGSEND = YES;
				ENABLE_TESTABILITY = YES;
				GCC_C_LANGUAGE_STANDARD = gnu11;
				GCC_DYNAMIC_NO_PIC = NO;
				GCC_NO_COMMON_BLOCKS = YES;
				GCC_OPTIMIZATION_LEVEL = 0;
				GCC_PREPROCESSOR_DEFINITIONS = (
					"DEBUG=1",
					"$(inherited)",
				);
				GCC_WARN_64_TO_32_BIT_CONVERSION = YES;
				GCC_WARN_ABOUT_RETURN_TYPE = YES_ERROR;
				GCC_WARN_UNDECLARED_SELECTOR = YES;
				GCC_WARN_UNINITIALIZED_AUTOS = YES_AGGRESSIVE;
				GCC_WARN_UNUSED_FUNCTION = YES;
				GCC_WARN_UNUSED_VARIABLE = YES;
				IPHONEOS_DEPLOYMENT_TARGET = 16.4;
				MTL_ENABLE_DEBUG_INFO = INCLUDE_SOURCE;
				MTL_FAST_MATH = YES;
				ONLY_ACTIVE_ARCH = YES;
				SDKROOT = iphoneos;
				SWIFT_ACTIVE_COMPILATION_CONDITIONS = DEBUG;
				SWIFT_OPTIMIZATION_LEVEL = "-Onone";
			};
			name = Debug;
		};
		639F5AD22A252F6F00682386 /* Release */ = {
			isa = XCBuildConfiguration;
			buildSettings = {
				ALWAYS_SEARCH_USER_PATHS = NO;
				CLANG_ANALYZER_NONNULL = YES;
				CLANG_ANALYZER_NUMBER_OBJECT_CONVERSION = YES_AGGRESSIVE;
				CLANG_CXX_LANGUAGE_STANDARD = "gnu++20";
				CLANG_ENABLE_MODULES = YES;
				CLANG_ENABLE_OBJC_ARC = YES;
				CLANG_ENABLE_OBJC_WEAK = YES;
				CLANG_WARN_BLOCK_CAPTURE_AUTORELEASING = YES;
				CLANG_WARN_BOOL_CONVERSION = YES;
				CLANG_WARN_COMMA = YES;
				CLANG_WARN_CONSTANT_CONVERSION = YES;
				CLANG_WARN_DEPRECATED_OBJC_IMPLEMENTATIONS = YES;
				CLANG_WARN_DIRECT_OBJC_ISA_USAGE = YES_ERROR;
				CLANG_WARN_DOCUMENTATION_COMMENTS = YES;
				CLANG_WARN_EMPTY_BODY = YES;
				CLANG_WARN_ENUM_CONVERSION = YES;
				CLANG_WARN_INFINITE_RECURSION = YES;
				CLANG_WARN_INT_CONVERSION = YES;
				CLANG_WARN_NON_LITERAL_NULL_CONVERSION = YES;
				CLANG_WARN_OBJC_IMPLICIT_RETAIN_SELF = YES;
				CLANG_WARN_OBJC_LITERAL_CONVERSION = YES;
				CLANG_WARN_OBJC_ROOT_CLASS = YES_ERROR;
				CLANG_WARN_QUOTED_INCLUDE_IN_FRAMEWORK_HEADER = YES;
				CLANG_WARN_RANGE_LOOP_ANALYSIS = YES;
				CLANG_WARN_STRICT_PROTOTYPES = YES;
				CLANG_WARN_SUSPICIOUS_MOVE = YES;
				CLANG_WARN_UNGUARDED_AVAILABILITY = YES_AGGRESSIVE;
				CLANG_WARN_UNREACHABLE_CODE = YES;
				CLANG_WARN__DUPLICATE_METHOD_MATCH = YES;
				COPY_PHASE_STRIP = NO;
				DEBUG_INFORMATION_FORMAT = "dwarf-with-dsym";
				ENABLE_NS_ASSERTIONS = NO;
				ENABLE_STRICT_OBJC_MSGSEND = YES;
				GCC_C_LANGUAGE_STANDARD = gnu11;
				GCC_NO_COMMON_BLOCKS = YES;
				GCC_WARN_64_TO_32_BIT_CONVERSION = YES;
				GCC_WARN_ABOUT_RETURN_TYPE = YES_ERROR;
				GCC_WARN_UNDECLARED_SELECTOR = YES;
				GCC_WARN_UNINITIALIZED_AUTOS = YES_AGGRESSIVE;
				GCC_WARN_UNUSED_FUNCTION = YES;
				GCC_WARN_UNUSED_VARIABLE = YES;
				IPHONEOS_DEPLOYMENT_TARGET = 16.4;
				MTL_ENABLE_DEBUG_INFO = NO;
				MTL_FAST_MATH = YES;
				SDKROOT = iphoneos;
				SWIFT_COMPILATION_MODE = wholemodule;
				SWIFT_OPTIMIZATION_LEVEL = "-O";
				VALIDATE_PRODUCT = YES;
			};
			name = Release;
		};
		639F5AD42A252F6F00682386 /* Debug */ = {
			isa = XCBuildConfiguration;
			buildSettings = {
				ASSETCATALOG_COMPILER_APPICON_NAME = AppIcon;
				ASSETCATALOG_COMPILER_GLOBAL_ACCENT_COLOR_NAME = AccentColor;
				CODE_SIGN_STYLE = Automatic;
				CURRENT_PROJECT_VERSION = 1;
				DEVELOPMENT_TEAM = V6LT92FY3N;
				GENERATE_INFOPLIST_FILE = YES;
				INFOPLIST_FILE = ArkanitTZ/Info.plist;
				INFOPLIST_KEY_UIApplicationSupportsIndirectInputEvents = YES;
				INFOPLIST_KEY_UILaunchStoryboardName = LaunchScreen;
				INFOPLIST_KEY_UISupportedInterfaceOrientations_iPad = "UIInterfaceOrientationPortrait UIInterfaceOrientationPortraitUpsideDown UIInterfaceOrientationLandscapeLeft UIInterfaceOrientationLandscapeRight";
				INFOPLIST_KEY_UISupportedInterfaceOrientations_iPhone = "UIInterfaceOrientationPortrait UIInterfaceOrientationLandscapeLeft UIInterfaceOrientationLandscapeRight";
				LD_RUNPATH_SEARCH_PATHS = (
					"$(inherited)",
					"@executable_path/Frameworks",
				);
				MARKETING_VERSION = 1.0;
				PRODUCT_BUNDLE_IDENTIFIER = "abrosov-sergey.ArkanitTZ";
				PRODUCT_NAME = "$(TARGET_NAME)";
				SWIFT_EMIT_LOC_STRINGS = YES;
				SWIFT_VERSION = 5.0;
				TARGETED_DEVICE_FAMILY = "1,2";
			};
			name = Debug;
		};
		639F5AD52A252F6F00682386 /* Release */ = {
			isa = XCBuildConfiguration;
			buildSettings = {
				ASSETCATALOG_COMPILER_APPICON_NAME = AppIcon;
				ASSETCATALOG_COMPILER_GLOBAL_ACCENT_COLOR_NAME = AccentColor;
				CODE_SIGN_STYLE = Automatic;
				CURRENT_PROJECT_VERSION = 1;
				DEVELOPMENT_TEAM = V6LT92FY3N;
				GENERATE_INFOPLIST_FILE = YES;
				INFOPLIST_FILE = ArkanitTZ/Info.plist;
				INFOPLIST_KEY_UIApplicationSupportsIndirectInputEvents = YES;
				INFOPLIST_KEY_UILaunchStoryboardName = LaunchScreen;
				INFOPLIST_KEY_UISupportedInterfaceOrientations_iPad = "UIInterfaceOrientationPortrait UIInterfaceOrientationPortraitUpsideDown UIInterfaceOrientationLandscapeLeft UIInterfaceOrientationLandscapeRight";
				INFOPLIST_KEY_UISupportedInterfaceOrientations_iPhone = "UIInterfaceOrientationPortrait UIInterfaceOrientationLandscapeLeft UIInterfaceOrientationLandscapeRight";
				LD_RUNPATH_SEARCH_PATHS = (
					"$(inherited)",
					"@executable_path/Frameworks",
				);
				MARKETING_VERSION = 1.0;
				PRODUCT_BUNDLE_IDENTIFIER = "abrosov-sergey.ArkanitTZ";
				PRODUCT_NAME = "$(TARGET_NAME)";
				SWIFT_EMIT_LOC_STRINGS = YES;
				SWIFT_VERSION = 5.0;
				TARGETED_DEVICE_FAMILY = "1,2";
			};
			name = Release;
		};
/* End XCBuildConfiguration section */

/* Begin XCConfigurationList section */
		639F5ABA2A252F6D00682386 /* Build configuration list for PBXProject "ArkanitTZ" */ = {
			isa = XCConfigurationList;
			buildConfigurations = (
				639F5AD12A252F6F00682386 /* Debug */,
				639F5AD22A252F6F00682386 /* Release */,
			);
			defaultConfigurationIsVisible = 0;
			defaultConfigurationName = Release;
		};
		639F5AD32A252F6F00682386 /* Build configuration list for PBXNativeTarget "ArkanitTZ" */ = {
			isa = XCConfigurationList;
			buildConfigurations = (
				639F5AD42A252F6F00682386 /* Debug */,
				639F5AD52A252F6F00682386 /* Release */,
			);
			defaultConfigurationIsVisible = 0;
			defaultConfigurationName = Release;
		};
/* End XCConfigurationList section */

/* Begin XCRemoteSwiftPackageReference section */
		63547C9C2A2BC06500EB6023 /* XCRemoteSwiftPackageReference "NVActivityIndicatorView" */ = {
			isa = XCRemoteSwiftPackageReference;
			repositoryURL = "https://github.com/ninjaprox/NVActivityIndicatorView.git";
			requirement = {
				kind = upToNextMajorVersion;
				minimumVersion = 5.0.0;
			};
		};
		639F5ADA2A2531C100682386 /* XCRemoteSwiftPackageReference "Swinject" */ = {
			isa = XCRemoteSwiftPackageReference;
			repositoryURL = "https://github.com/Swinject/Swinject";
			requirement = {
				kind = upToNextMajorVersion;
				minimumVersion = 2.0.0;
			};
		};
		639F5ADD2A25336200682386 /* XCRemoteSwiftPackageReference "SnapKit" */ = {
			isa = XCRemoteSwiftPackageReference;
			repositoryURL = "https://github.com/SnapKit/SnapKit.git";
			requirement = {
				kind = upToNextMajorVersion;
				minimumVersion = 5.0.0;
			};
		};
/* End XCRemoteSwiftPackageReference section */

/* Begin XCSwiftPackageProductDependency section */
		63547C9D2A2BC06500EB6023 /* NVActivityIndicatorView */ = {
			isa = XCSwiftPackageProductDependency;
			package = 63547C9C2A2BC06500EB6023 /* XCRemoteSwiftPackageReference "NVActivityIndicatorView" */;
			productName = NVActivityIndicatorView;
		};
		639F5ADB2A2531C100682386 /* Swinject */ = {
			isa = XCSwiftPackageProductDependency;
			package = 639F5ADA2A2531C100682386 /* XCRemoteSwiftPackageReference "Swinject" */;
			productName = Swinject;
		};
		639F5ADE2A25336200682386 /* SnapKit */ = {
			isa = XCSwiftPackageProductDependency;
			package = 639F5ADD2A25336200682386 /* XCRemoteSwiftPackageReference "SnapKit" */;
			productName = SnapKit;
		};
/* End XCSwiftPackageProductDependency section */
	};
	rootObject = 639F5AB72A252F6D00682386 /* Project object */;
}
